
Microsoft Visual Studio Solution File, Format Version 12.00
# Visual Studio Version 16
VisualStudioVersion = 16.0.29306.81
MinimumVisualStudioVersion = 10.0.40219.1
Project("{FAE04EC0-301F-11D3-BF4B-00C04F79EFBC}") = "MvcMusicStore", "MvcMusicStore\MvcMusicStore.csproj", "{A9FB4F5D-F9E7-44D1-9FED-E81B67F3F9EF}"
EndProject
Global
	GlobalSection(SolutionConfigurationPlatforms) = preSolution
		Debug|Any CPU = Debug|Any CPU
		Release|Any CPU = Release|Any CPU
	EndGlobalSection
	GlobalSection(ProjectConfigurationPlatforms) = postSolution
		{A9FB4F5D-F9E7-44D1-9FED-E81B67F3F9EF}.Debug|Any CPU.ActiveCfg = Debug|Any CPU
		{A9FB4F5D-F9E7-44D1-9FED-E81B67F3F9EF}.Debug|Any CPU.Build.0 = Debug|Any CPU
		{A9FB4F5D-F9E7-44D1-9FED-E81B67F3F9EF}.Release|Any CPU.ActiveCfg = Release|Any CPU
		{A9FB4F5D-F9E7-44D1-9FED-E81B67F3F9EF}.Release|Any CPU.Build.0 = Release|Any CPU
	EndGlobalSection
	GlobalSection(SolutionProperties) = preSolution
		HideSolutionNode = FALSE
	EndGlobalSection
	GlobalSection(ExtensibilityGlobals) = postSolution
		SolutionGuid = {06677A37-CE4A-4168-9DC6-0313F815EE6E}
	EndGlobalSection
EndGlobal
